
Microsoft Visual Studio Solution File, Format Version 12.00
# Visual Studio Version 16
VisualStudioVersion = 16.0.30225.117
MinimumVisualStudioVersion = 10.0.40219.1
Project("{FAE04EC0-301F-11D3-BF4B-00C04F79EFBC}") = "ProjetoTCC", "ProjetoTCC\ProjetoTCC.csproj", "{9D243AF6-19A1-4A83-987D-68FFBB936EBC}"
EndProject
Global
	GlobalSection(SolutionConfigurationPlatforms) = preSolution
		Debug|Any CPU = Debug|Any CPU
		Release|Any CPU = Release|Any CPU
	EndGlobalSection
	GlobalSection(ProjectConfigurationPlatforms) = postSolution
		{9D243AF6-19A1-4A83-987D-68FFBB936EBC}.Debug|Any CPU.ActiveCfg = Debug|Any CPU
		{9D243AF6-19A1-4A83-987D-68FFBB936EBC}.Debug|Any CPU.Build.0 = Debug|Any CPU
		{9D243AF6-19A1-4A83-987D-68FFBB936EBC}.Release|Any CPU.ActiveCfg = Release|Any CPU
		{9D243AF6-19A1-4A83-987D-68FFBB936EBC}.Release|Any CPU.Build.0 = Release|Any CPU
	EndGlobalSection
	GlobalSection(SolutionProperties) = preSolution
		HideSolutionNode = FALSE
	EndGlobalSection
	GlobalSection(ExtensibilityGlobals) = postSolution
		SolutionGuid = {7F80665B-2E27-45B6-8C45-BAF2B56A3AF3}
	EndGlobalSection
EndGlobal
